
Microsoft Visual Studio Solution File, Format Version 12.00
# Visual Studio Version 16
VisualStudioVersion = 25.0.1700.1
MinimumVisualStudioVersion = 10.0.40219.1
Project("{FAE04EC0-301F-11D3-BF4B-00C04F79EFBC}") = "ShoppingList", "ShoppingList\ShoppingList.csproj", "{D2D0ED72-8057-49B1-B15B-7D09B4B7D8F8}"
EndProject
Global
	GlobalSection(SolutionConfigurationPlatforms) = preSolution
		Debug|Any CPU = Debug|Any CPU
		Release|Any CPU = Release|Any CPU
	EndGlobalSection
	GlobalSection(ProjectConfigurationPlatforms) = postSolution
		{D2D0ED72-8057-49B1-B15B-7D09B4B7D8F8}.Debug|Any CPU.ActiveCfg = Debug|Any CPU
		{D2D0ED72-8057-49B1-B15B-7D09B4B7D8F8}.Debug|Any CPU.Build.0 = Debug|Any CPU
		{D2D0ED72-8057-49B1-B15B-7D09B4B7D8F8}.Release|Any CPU.ActiveCfg = Release|Any CPU
		{D2D0ED72-8057-49B1-B15B-7D09B4B7D8F8}.Release|Any CPU.Build.0 = Release|Any CPU
	EndGlobalSection
	GlobalSection(SolutionProperties) = preSolution
		HideSolutionNode = FALSE
	EndGlobalSection
	GlobalSection(ExtensibilityGlobals) = postSolution
		SolutionGuid = {080CC9B2-A3C7-4DA1-88C1-F11512DA67E8}
	EndGlobalSection
EndGlobal
